// !$*UTF8*$!
{
	archiveVersion = 1;
	classes = {
	};
	objectVersion = 55;
	objects = {

/* Begin PBXBuildFile section */
		A01FD6CE27F4162400EC70C6 /* Home.swift in Sources */ = {isa = PBXBuildFile; fileRef = A01FD6CD27F4162400EC70C6 /* Home.swift */; };
		A01FD6CF27F4162400EC70C6 /* Home.swift in Sources */ = {isa = PBXBuildFile; fileRef = A01FD6CD27F4162400EC70C6 /* Home.swift */; };
		A01FD6D127F8083900EC70C6 /* GamesView.swift in Sources */ = {isa = PBXBuildFile; fileRef = A01FD6D027F8083900EC70C6 /* GamesView.swift */; };
		A01FD6D227F8083900EC70C6 /* GamesView.swift in Sources */ = {isa = PBXBuildFile; fileRef = A01FD6D027F8083900EC70C6 /* GamesView.swift */; };
		A01FD6D727F8097900EC70C6 /* Model.swift in Sources */ = {isa = PBXBuildFile; fileRef = A01FD6D627F8097900EC70C6 /* Model.swift */; };
		A01FD6D827F8097900EC70C6 /* Model.swift in Sources */ = {isa = PBXBuildFile; fileRef = A01FD6D627F8097900EC70C6 /* Model.swift */; };
		A01FD6DA27F8099500EC70C6 /* ViewModel.swift in Sources */ = {isa = PBXBuildFile; fileRef = A01FD6D927F8099500EC70C6 /* ViewModel.swift */; };
		A01FD6DB27F8099500EC70C6 /* ViewModel.swift in Sources */ = {isa = PBXBuildFile; fileRef = A01FD6D927F8099500EC70C6 /* ViewModel.swift */; };
		A021D17027F959FC007262E1 /* Kingfisher in Frameworks */ = {isa = PBXBuildFile; productRef = A021D16F27F959FC007262E1 /* Kingfisher */; };
		A021D17227FA6F0B007262E1 /* GameView.swift in Sources */ = {isa = PBXBuildFile; fileRef = A021D17127FA6F0B007262E1 /* GameView.swift */; };
		A021D17327FA6F0B007262E1 /* GameView.swift in Sources */ = {isa = PBXBuildFile; fileRef = A021D17127FA6F0B007262E1 /* GameView.swift */; };
		A021D17527FBECE5007262E1 /* SearchGame.swift in Sources */ = {isa = PBXBuildFile; fileRef = A021D17427FBECE5007262E1 /* SearchGame.swift */; };
		A021D17627FBECE5007262E1 /* SearchGame.swift in Sources */ = {isa = PBXBuildFile; fileRef = A021D17427FBECE5007262E1 /* SearchGame.swift */; };
		A0B09A1A27F16C470033DB31 /* GameStreamApp.swift in Sources */ = {isa = PBXBuildFile; fileRef = A0B09A0A27F16C440033DB31 /* GameStreamApp.swift */; };
		A0B09A1B27F16C470033DB31 /* GameStreamApp.swift in Sources */ = {isa = PBXBuildFile; fileRef = A0B09A0A27F16C440033DB31 /* GameStreamApp.swift */; };
		A0B09A1C27F16C470033DB31 /* ContentView.swift in Sources */ = {isa = PBXBuildFile; fileRef = A0B09A0B27F16C440033DB31 /* ContentView.swift */; };
		A0B09A1D27F16C470033DB31 /* ContentView.swift in Sources */ = {isa = PBXBuildFile; fileRef = A0B09A0B27F16C440033DB31 /* ContentView.swift */; };
		A0B09A1E27F16C470033DB31 /* Assets.xcassets in Resources */ = {isa = PBXBuildFile; fileRef = A0B09A0C27F16C470033DB31 /* Assets.xcassets */; };
		A0B09A1F27F16C470033DB31 /* Assets.xcassets in Resources */ = {isa = PBXBuildFile; fileRef = A0B09A0C27F16C470033DB31 /* Assets.xcassets */; };
/* End PBXBuildFile section */

/* Begin PBXFileReference section */
		A01FD6CD27F4162400EC70C6 /* Home.swift */ = {isa = PBXFileReference; lastKnownFileType = sourcecode.swift; path = Home.swift; sourceTree = "<group>"; };
		A01FD6D027F8083900EC70C6 /* GamesView.swift */ = {isa = PBXFileReference; lastKnownFileType = sourcecode.swift; path = GamesView.swift; sourceTree = "<group>"; };
		A01FD6D627F8097900EC70C6 /* Model.swift */ = {isa = PBXFileReference; lastKnownFileType = sourcecode.swift; path = Model.swift; sourceTree = "<group>"; };
		A01FD6D927F8099500EC70C6 /* ViewModel.swift */ = {isa = PBXFileReference; lastKnownFileType = sourcecode.swift; path = ViewModel.swift; sourceTree = "<group>"; };
		A021D17127FA6F0B007262E1 /* GameView.swift */ = {isa = PBXFileReference; lastKnownFileType = sourcecode.swift; path = GameView.swift; sourceTree = "<group>"; };
		A021D17427FBECE5007262E1 /* SearchGame.swift */ = {isa = PBXFileReference; lastKnownFileType = sourcecode.swift; path = SearchGame.swift; sourceTree = "<group>"; };
		A0B09A0A27F16C440033DB31 /* GameStreamApp.swift */ = {isa = PBXFileReference; lastKnownFileType = sourcecode.swift; path = GameStreamApp.swift; sourceTree = "<group>"; };
		A0B09A0B27F16C440033DB31 /* ContentView.swift */ = {isa = PBXFileReference; lastKnownFileType = sourcecode.swift; path = ContentView.swift; sourceTree = "<group>"; };
		A0B09A0C27F16C470033DB31 /* Assets.xcassets */ = {isa = PBXFileReference; lastKnownFileType = folder.assetcatalog; path = Assets.xcassets; sourceTree = "<group>"; };
		A0B09A1127F16C470033DB31 /* GameStream.app */ = {isa = PBXFileReference; explicitFileType = wrapper.application; includeInIndex = 0; path = GameStream.app; sourceTree = BUILT_PRODUCTS_DIR; };
		A0B09A1727F16C470033DB31 /* GameStream.app */ = {isa = PBXFileReference; explicitFileType = wrapper.application; includeInIndex = 0; path = GameStream.app; sourceTree = BUILT_PRODUCTS_DIR; };
		A0B09A1927F16C470033DB31 /* macOS.entitlements */ = {isa = PBXFileReference; lastKnownFileType = text.plist.entitlements; path = macOS.entitlements; sourceTree = "<group>"; };
/* End PBXFileReference section */

/* Begin PBXFrameworksBuildPhase section */
		A0B09A0E27F16C470033DB31 /* Frameworks */ = {
			isa = PBXFrameworksBuildPhase;
			buildActionMask = 2147483647;
			files = (
				A021D17027F959FC007262E1 /* Kingfisher in Frameworks */,
			);
			runOnlyForDeploymentPostprocessing = 0;
		};
		A0B09A1427F16C470033DB31 /* Frameworks */ = {
			isa = PBXFrameworksBuildPhase;
			buildActionMask = 2147483647;
			files = (
			);
			runOnlyForDeploymentPostprocessing = 0;
		};
/* End PBXFrameworksBuildPhase section */

/* Begin PBXGroup section */
		A01FD6D327F808E800EC70C6 /* Views */ = {
			isa = PBXGroup;
			children = (
				A01FD6D027F8083900EC70C6 /* GamesView.swift */,
				A01FD6CD27F4162400EC70C6 /* Home.swift */,
				A0B09A0B27F16C440033DB31 /* ContentView.swift */,
				A0B09A0A27F16C440033DB31 /* GameStreamApp.swift */,
				A021D17127FA6F0B007262E1 /* GameView.swift */,
			);
			path = Views;
			sourceTree = "<group>";
		};
		A01FD6D427F8094800EC70C6 /* Models */ = {
			isa = PBXGroup;
			children = (
				A01FD6D627F8097900EC70C6 /* Model.swift */,
			);
			path = Models;
			sourceTree = "<group>";
		};
		A01FD6D527F8095300EC70C6 /* ViewModels */ = {
			isa = PBXGroup;
			children = (
				A01FD6D927F8099500EC70C6 /* ViewModel.swift */,
				A021D17427FBECE5007262E1 /* SearchGame.swift */,
			);
			path = ViewModels;
			sourceTree = "<group>";
		};
		A0B09A0427F16C440033DB31 = {
			isa = PBXGroup;
			children = (
				A0B09A0927F16C440033DB31 /* Shared */,
				A0B09A1827F16C470033DB31 /* macOS */,
				A0B09A1227F16C470033DB31 /* Products */,
			);
			sourceTree = "<group>";
		};
		A0B09A0927F16C440033DB31 /* Shared */ = {
			isa = PBXGroup;
			children = (
				A01FD6D527F8095300EC70C6 /* ViewModels */,
				A01FD6D427F8094800EC70C6 /* Models */,
				A01FD6D327F808E800EC70C6 /* Views */,
				A0B09A0C27F16C470033DB31 /* Assets.xcassets */,
			);
			path = Shared;
			sourceTree = "<group>";
		};
		A0B09A1227F16C470033DB31 /* Products */ = {
			isa = PBXGroup;
			children = (
				A0B09A1127F16C470033DB31 /* GameStream.app */,
				A0B09A1727F16C470033DB31 /* GameStream.app */,
			);
			name = Products;
			sourceTree = "<group>";
		};
		A0B09A1827F16C470033DB31 /* macOS */ = {
			isa = PBXGroup;
			children = (
				A0B09A1927F16C470033DB31 /* macOS.entitlements */,
			);
			path = macOS;
			sourceTree = "<group>";
		};
/* End PBXGroup section */

/* Begin PBXNativeTarget section */
		A0B09A1027F16C470033DB31 /* GameStream (iOS) */ = {
			isa = PBXNativeTarget;
			buildConfigurationList = A0B09A2227F16C470033DB31 /* Build configuration list for PBXNativeTarget "GameStream (iOS)" */;
			buildPhases = (
				A0B09A0D27F16C470033DB31 /* Sources */,
				A0B09A0E27F16C470033DB31 /* Frameworks */,
				A0B09A0F27F16C470033DB31 /* Resources */,
			);
			buildRules = (
			);
			dependencies = (
			);
			name = "GameStream (iOS)";
			packageProductDependencies = (
				A021D16F27F959FC007262E1 /* Kingfisher */,
			);
			productName = "GameStream (iOS)";
			productReference = A0B09A1127F16C470033DB31 /* GameStream.app */;
			productType = "com.apple.product-type.application";
		};
		A0B09A1627F16C470033DB31 /* GameStream (macOS) */ = {
			isa = PBXNativeTarget;
			buildConfigurationList = A0B09A2527F16C470033DB31 /* Build configuration list for PBXNativeTarget "GameStream (macOS)" */;
			buildPhases = (
				A0B09A1327F16C470033DB31 /* Sources */,
				A0B09A1427F16C470033DB31 /* Frameworks */,
				A0B09A1527F16C470033DB31 /* Resources */,
			);
			buildRules = (
			);
			dependencies = (
			);
			name = "GameStream (macOS)";
			productName = "GameStream (macOS)";
			productReference = A0B09A1727F16C470033DB31 /* GameStream.app */;
			productType = "com.apple.product-type.application";
		};
/* End PBXNativeTarget section */

/* Begin PBXProject section */
		A0B09A0527F16C440033DB31 /* Project object */ = {
			isa = PBXProject;
			attributes = {
				BuildIndependentTargetsInParallel = 1;
				LastSwiftUpdateCheck = 1330;
				LastUpgradeCheck = 1330;
				TargetAttributes = {
					A0B09A1027F16C470033DB31 = {
						CreatedOnToolsVersion = 13.3;
					};
					A0B09A1627F16C470033DB31 = {
						CreatedOnToolsVersion = 13.3;
					};
				};
			};
			buildConfigurationList = A0B09A0827F16C440033DB31 /* Build configuration list for PBXProject "GameStream" */;
			compatibilityVersion = "Xcode 13.0";
			developmentRegion = en;
			hasScannedForEncodings = 0;
			knownRegions = (
				en,
				Base,
			);
			mainGroup = A0B09A0427F16C440033DB31;
			packageReferences = (
				A021D16E27F959FC007262E1 /* XCRemoteSwiftPackageReference "Kingfisher" */,
			);
			productRefGroup = A0B09A1227F16C470033DB31 /* Products */;
			projectDirPath = "";
			projectRoot = "";
			targets = (
				A0B09A1027F16C470033DB31 /* GameStream (iOS) */,
				A0B09A1627F16C470033DB31 /* GameStream (macOS) */,
			);
		};
/* End PBXProject section */

/* Begin PBXResourcesBuildPhase section */
		A0B09A0F27F16C470033DB31 /* Resources */ = {
			isa = PBXResourcesBuildPhase;
			buildActionMask = 2147483647;
			files = (
				A0B09A1E27F16C470033DB31 /* Assets.xcassets in Resources */,
			);
			runOnlyForDeploymentPostprocessing = 0;
		};
		A0B09A1527F16C470033DB31 /* Resources */ = {
			isa = PBXResourcesBuildPhase;
			buildActionMask = 2147483647;
			files = (
				A0B09A1F27F16C470033DB31 /* Assets.xcassets in Resources */,
			);
			runOnlyForDeploymentPostprocessing = 0;
		};
/* End PBXResourcesBuildPhase section */

/* Begin PBXSourcesBuildPhase section */
		A0B09A0D27F16C470033DB31 /* Sources */ = {
			isa = PBXSourcesBuildPhase;
			buildActionMask = 2147483647;
			files = (
				A01FD6D727F8097900EC70C6 /* Model.swift in Sources */,
				A0B09A1C27F16C470033DB31 /* ContentView.swift in Sources */,
				A01FD6CE27F4162400EC70C6 /* Home.swift in Sources */,
				A021D17527FBECE5007262E1 /* SearchGame.swift in Sources */,
				A01FD6D127F8083900EC70C6 /* GamesView.swift in Sources */,
				A01FD6DA27F8099500EC70C6 /* ViewModel.swift in Sources */,
				A0B09A1A27F16C470033DB31 /* GameStreamApp.swift in Sources */,
				A021D17227FA6F0B007262E1 /* GameView.swift in Sources */,
			);
			runOnlyForDeploymentPostprocessing = 0;
		};
		A0B09A1327F16C470033DB31 /* Sources */ = {
			isa = PBXSourcesBuildPhase;
			buildActionMask = 2147483647;
			files = (
				A01FD6D827F8097900EC70C6 /* Model.swift in Sources */,
				A0B09A1D27F16C470033DB31 /* ContentView.swift in Sources */,
				A01FD6CF27F4162400EC70C6 /* Home.swift in Sources */,
				A021D17627FBECE5007262E1 /* SearchGame.swift in Sources */,
				A01FD6D227F8083900EC70C6 /* GamesView.swift in Sources */,
				A01FD6DB27F8099500EC70C6 /* ViewModel.swift in Sources */,
				A0B09A1B27F16C470033DB31 /* GameStreamApp.swift in Sources */,
				A021D17327FA6F0B007262E1 /* GameView.swift in Sources */,
			);
			runOnlyForDeploymentPostprocessing = 0;
		};
/* End PBXSourcesBuildPhase section */

/* Begin XCBuildConfiguration section */
		A0B09A2027F16C470033DB31 /* Debug */ = {
			isa = XCBuildConfiguration;
			buildSettings = {
				ALWAYS_SEARCH_USER_PATHS = NO;
				CLANG_ANALYZER_NONNULL = YES;
				CLANG_ANALYZER_NUMBER_OBJECT_CONVERSION = YES_AGGRESSIVE;
				CLANG_CXX_LANGUAGE_STANDARD = "gnu++17";
				CLANG_ENABLE_MODULES = YES;
				CLANG_ENABLE_OBJC_ARC = YES;
				CLANG_ENABLE_OBJC_WEAK = YES;
				CLANG_WARN_BLOCK_CAPTURE_AUTORELEASING = YES;
				CLANG_WARN_BOOL_CONVERSION = YES;
				CLANG_WARN_COMMA = YES;
				CLANG_WARN_CONSTANT_CONVERSION = YES;
				CLANG_WARN_DEPRECATED_OBJC_IMPLEMENTATIONS = YES;
				CLANG_WARN_DIRECT_OBJC_ISA_USAGE = YES_ERROR;
				CLANG_WARN_DOCUMENTATION_COMMENTS = YES;
				CLANG_WARN_EMPTY_BODY = YES;
				CLANG_WARN_ENUM_CONVERSION = YES;
				CLANG_WARN_INFINITE_RECURSION = YES;
				CLANG_WARN_INT_CONVERSION = YES;
				CLANG_WARN_NON_LITERAL_NULL_CONVERSION = YES;
				CLANG_WARN_OBJC_IMPLICIT_RETAIN_SELF = YES;
				CLANG_WARN_OBJC_LITERAL_CONVERSION = YES;
				CLANG_WARN_OBJC_ROOT_CLASS = YES_ERROR;
				CLANG_WARN_QUOTED_INCLUDE_IN_FRAMEWORK_HEADER = YES;
				CLANG_WARN_RANGE_LOOP_ANALYSIS = YES;
				CLANG_WARN_STRICT_PROTOTYPES = YES;
				CLANG_WARN_SUSPICIOUS_MOVE = YES;
				CLANG_WARN_UNGUARDED_AVAILABILITY = YES_AGGRESSIVE;
				CLANG_WARN_UNREACHABLE_CODE = YES;
				CLANG_WARN__DUPLICATE_METHOD_MATCH = YES;
				COPY_PHASE_STRIP = NO;
				DEBUG_INFORMATION_FORMAT = dwarf;
				ENABLE_STRICT_OBJC_MSGSEND = YES;
				ENABLE_TESTABILITY = YES;
				GCC_C_LANGUAGE_STANDARD = gnu11;
				GCC_DYNAMIC_NO_PIC = NO;
				GCC_NO_COMMON_BLOCKS = YES;
				GCC_OPTIMIZATION_LEVEL = 0;
				GCC_PREPROCESSOR_DEFINITIONS = (
					"DEBUG=1",
					"$(inherited)",
				);
				GCC_WARN_64_TO_32_BIT_CONVERSION = YES;
				GCC_WARN_ABOUT_RETURN_TYPE = YES_ERROR;
				GCC_WARN_UNDECLARED_SELECTOR = YES;
				GCC_WARN_UNINITIALIZED_AUTOS = YES_AGGRESSIVE;
				GCC_WARN_UNUSED_FUNCTION = YES;
				GCC_WARN_UNUSED_VARIABLE = YES;
				MTL_ENABLE_DEBUG_INFO = INCLUDE_SOURCE;
				MTL_FAST_MATH = YES;
				ONLY_ACTIVE_ARCH = YES;
				SWIFT_ACTIVE_COMPILATION_CONDITIONS = DEBUG;
				SWIFT_OPTIMIZATION_LEVEL = "-Onone";
			};
			name = Debug;
		};
		A0B09A2127F16C470033DB31 /* Release */ = {
			isa = XCBuildConfiguration;
			buildSettings = {
				ALWAYS_SEARCH_USER_PATHS = NO;
				CLANG_ANALYZER_NONNULL = YES;
				CLANG_ANALYZER_NUMBER_OBJECT_CONVERSION = YES_AGGRESSIVE;
				CLANG_CXX_LANGUAGE_STANDARD = "gnu++17";
				CLANG_ENABLE_MODULES = YES;
				CLANG_ENABLE_OBJC_ARC = YES;
				CLANG_ENABLE_OBJC_WEAK = YES;
				CLANG_WARN_BLOCK_CAPTURE_AUTORELEASING = YES;
				CLANG_WARN_BOOL_CONVERSION = YES;
				CLANG_WARN_COMMA = YES;
				CLANG_WARN_CONSTANT_CONVERSION = YES;
				CLANG_WARN_DEPRECATED_OBJC_IMPLEMENTATIONS = YES;
				CLANG_WARN_DIRECT_OBJC_ISA_USAGE = YES_ERROR;
				CLANG_WARN_DOCUMENTATION_COMMENTS = YES;
				CLANG_WARN_EMPTY_BODY = YES;
				CLANG_WARN_ENUM_CONVERSION = YES;
				CLANG_WARN_INFINITE_RECURSION = YES;
				CLANG_WARN_INT_CONVERSION = YES;
				CLANG_WARN_NON_LITERAL_NULL_CONVERSION = YES;
				CLANG_WARN_OBJC_IMPLICIT_RETAIN_SELF = YES;
				CLANG_WARN_OBJC_LITERAL_CONVERSION = YES;
				CLANG_WARN_OBJC_ROOT_CLASS = YES_ERROR;
				CLANG_WARN_QUOTED_INCLUDE_IN_FRAMEWORK_HEADER = YES;
				CLANG_WARN_RANGE_LOOP_ANALYSIS = YES;
				CLANG_WARN_STRICT_PROTOTYPES = YES;
				CLANG_WARN_SUSPICIOUS_MOVE = YES;
				CLANG_WARN_UNGUARDED_AVAILABILITY = YES_AGGRESSIVE;
				CLANG_WARN_UNREACHABLE_CODE = YES;
				CLANG_WARN__DUPLICATE_METHOD_MATCH = YES;
				COPY_PHASE_STRIP = NO;
				DEBUG_INFORMATION_FORMAT = "dwarf-with-dsym";
				ENABLE_NS_ASSERTIONS = NO;
				ENABLE_STRICT_OBJC_MSGSEND = YES;
				GCC_C_LANGUAGE_STANDARD = gnu11;
				GCC_NO_COMMON_BLOCKS = YES;
				GCC_WARN_64_TO_32_BIT_CONVERSION = YES;
				GCC_WARN_ABOUT_RETURN_TYPE = YES_ERROR;
				GCC_WARN_UNDECLARED_SELECTOR = YES;
				GCC_WARN_UNINITIALIZED_AUTOS = YES_AGGRESSIVE;
				GCC_WARN_UNUSED_FUNCTION = YES;
				GCC_WARN_UNUSED_VARIABLE = YES;
				MTL_ENABLE_DEBUG_INFO = NO;
				MTL_FAST_MATH = YES;
				SWIFT_COMPILATION_MODE = wholemodule;
				SWIFT_OPTIMIZATION_LEVEL = "-O";
			};
			name = Release;
		};
		A0B09A2327F16C470033DB31 /* Debug */ = {
			isa = XCBuildConfiguration;
			buildSettings = {
				ASSETCATALOG_COMPILER_APPICON_NAME = AppIcon;
				ASSETCATALOG_COMPILER_GLOBAL_ACCENT_COLOR_NAME = AccentColor;
				CODE_SIGN_STYLE = Automatic;
				CURRENT_PROJECT_VERSION = 1;
				DEVELOPMENT_TEAM = KQYDJNLD47;
				ENABLE_PREVIEWS = YES;
				GENERATE_INFOPLIST_FILE = YES;
				INFOPLIST_KEY_UIApplicationSceneManifest_Generation = YES;
				INFOPLIST_KEY_UIApplicationSupportsIndirectInputEvents = YES;
				INFOPLIST_KEY_UILaunchScreen_Generation = YES;
				INFOPLIST_KEY_UISupportedInterfaceOrientations_iPad = "UIInterfaceOrientationPortrait UIInterfaceOrientationPortraitUpsideDown UIInterfaceOrientationLandscapeLeft UIInterfaceOrientationLandscapeRight";
				INFOPLIST_KEY_UISupportedInterfaceOrientations_iPhone = "UIInterfaceOrientationPortrait UIInterfaceOrientationLandscapeLeft UIInterfaceOrientationLandscapeRight";
				IPHONEOS_DEPLOYMENT_TARGET = 15.4;
				LD_RUNPATH_SEARCH_PATHS = (
					"$(inherited)",
					"@executable_path/Frameworks",
				);
				MARKETING_VERSION = 1.0;
				PRODUCT_BUNDLE_IDENTIFIER = com.test.GameStream;
				PRODUCT_NAME = GameStream;
				SDKROOT = iphoneos;
				SWIFT_EMIT_LOC_STRINGS = YES;
				SWIFT_VERSION = 5.0;
				TARGETED_DEVICE_FAMILY = "1,2";
			};
			name = Debug;
		};
		A0B09A2427F16C470033DB31 /* Release */ = {
			isa = XCBuildConfiguration;
			buildSettings = {
				ASSETCATALOG_COMPILER_APPICON_NAME = AppIcon;
				ASSETCATALOG_COMPILER_GLOBAL_ACCENT_COLOR_NAME = AccentColor;
				CODE_SIGN_STYLE = Automatic;
				CURRENT_PROJECT_VERSION = 1;
				DEVELOPMENT_TEAM = KQYDJNLD47;
				ENABLE_PREVIEWS = YES;
				GENERATE_INFOPLIST_FILE = YES;
				INFOPLIST_KEY_UIApplicationSceneManifest_Generation = YES;
				INFOPLIST_KEY_UIApplicationSupportsIndirectInputEvents = YES;
				INFOPLIST_KEY_UILaunchScreen_Generation = YES;
				INFOPLIST_KEY_UISupportedInterfaceOrientations_iPad = "UIInterfaceOrientationPortrait UIInterfaceOrientationPortraitUpsideDown UIInterfaceOrientationLandscapeLeft UIInterfaceOrientationLandscapeRight";
				INFOPLIST_KEY_UISupportedInterfaceOrientations_iPhone = "UIInterfaceOrientationPortrait UIInterfaceOrientationLandscapeLeft UIInterfaceOrientationLandscapeRight";
				IPHONEOS_DEPLOYMENT_TARGET = 15.4;
				LD_RUNPATH_SEARCH_PATHS = (
					"$(inherited)",
					"@executable_path/Frameworks",
				);
				MARKETING_VERSION = 1.0;
				PRODUCT_BUNDLE_IDENTIFIER = com.test.GameStream;
				PRODUCT_NAME = GameStream;
				SDKROOT = iphoneos;
				SWIFT_EMIT_LOC_STRINGS = YES;
				SWIFT_VERSION = 5.0;
				TARGETED_DEVICE_FAMILY = "1,2";
				VALIDATE_PRODUCT = YES;
			};
			name = Release;
		};
		A0B09A2627F16C470033DB31 /* Debug */ = {
			isa = XCBuildConfiguration;
			buildSettings = {
				ASSETCATALOG_COMPILER_APPICON_NAME = AppIcon;
				ASSETCATALOG_COMPILER_GLOBAL_ACCENT_COLOR_NAME = AccentColor;
				CODE_SIGN_ENTITLEMENTS = macOS/macOS.entitlements;
				CODE_SIGN_STYLE = Automatic;
				COMBINE_HIDPI_IMAGES = YES;
				CURRENT_PROJECT_VERSION = 1;
				DEVELOPMENT_TEAM = KQYDJNLD47;
				ENABLE_HARDENED_RUNTIME = YES;
				ENABLE_PREVIEWS = YES;
				GENERATE_INFOPLIST_FILE = YES;
				INFOPLIST_KEY_NSHumanReadableCopyright = "";
				LD_RUNPATH_SEARCH_PATHS = (
					"$(inherited)",
					"@executable_path/../Frameworks",
				);
				MACOSX_DEPLOYMENT_TARGET = 12.3;
				MARKETING_VERSION = 1.0;
				PRODUCT_BUNDLE_IDENTIFIER = com.test.GameStream;
				PRODUCT_NAME = GameStream;
				SDKROOT = macosx;
				SWIFT_EMIT_LOC_STRINGS = YES;
				SWIFT_VERSION = 5.0;
			};
			name = Debug;
		};
		A0B09A2727F16C470033DB31 /* Release */ = {
			isa = XCBuildConfiguration;
			buildSettings = {
				ASSETCATALOG_COMPILER_APPICON_NAME = AppIcon;
				ASSETCATALOG_COMPILER_GLOBAL_ACCENT_COLOR_NAME = AccentColor;
				CODE_SIGN_ENTITLEMENTS = macOS/macOS.entitlements;
				CODE_SIGN_STYLE = Automatic;
				COMBINE_HIDPI_IMAGES = YES;
				CURRENT_PROJECT_VERSION = 1;
				DEVELOPMENT_TEAM = KQYDJNLD47;
				ENABLE_HARDENED_RUNTIME = YES;
				ENABLE_PREVIEWS = YES;
				GENERATE_INFOPLIST_FILE = YES;
				INFOPLIST_KEY_NSHumanReadableCopyright = "";
				LD_RUNPATH_SEARCH_PATHS = (
					"$(inherited)",
					"@executable_path/../Frameworks",
				);
				MACOSX_DEPLOYMENT_TARGET = 12.3;
				MARKETING_VERSION = 1.0;
				PRODUCT_BUNDLE_IDENTIFIER = com.test.GameStream;
				PRODUCT_NAME = GameStream;
				SDKROOT = macosx;
				SWIFT_EMIT_LOC_STRINGS = YES;
				SWIFT_VERSION = 5.0;
			};
			name = Release;
		};
/* End XCBuildConfiguration section */

/* Begin XCConfigurationList section */
		A0B09A0827F16C440033DB31 /* Build configuration list for PBXProject "GameStream" */ = {
			isa = XCConfigurationList;
			buildConfigurations = (
				A0B09A2027F16C470033DB31 /* Debug */,
				A0B09A2127F16C470033DB31 /* Release */,
			);
			defaultConfigurationIsVisible = 0;
			defaultConfigurationName = Release;
		};
		A0B09A2227F16C470033DB31 /* Build configuration list for PBXNativeTarget "GameStream (iOS)" */ = {
			isa = XCConfigurationList;
			buildConfigurations = (
				A0B09A2327F16C470033DB31 /* Debug */,
				A0B09A2427F16C470033DB31 /* Release */,
			);
			defaultConfigurationIsVisible = 0;
			defaultConfigurationName = Release;
		};
		A0B09A2527F16C470033DB31 /* Build configuration list for PBXNativeTarget "GameStream (macOS)" */ = {
			isa = XCConfigurationList;
			buildConfigurations = (
				A0B09A2627F16C470033DB31 /* Debug */,
				A0B09A2727F16C470033DB31 /* Release */,
			);
			defaultConfigurationIsVisible = 0;
			defaultConfigurationName = Release;
		};
/* End XCConfigurationList section */

/* Begin XCRemoteSwiftPackageReference section */
		A021D16E27F959FC007262E1 /* XCRemoteSwiftPackageReference "Kingfisher" */ = {
			isa = XCRemoteSwiftPackageReference;
			repositoryURL = "https://github.com/onevcat/Kingfisher.git";
			requirement = {
				kind = upToNextMajorVersion;
				minimumVersion = 7.0.0;
			};
		};
/* End XCRemoteSwiftPackageReference section */

/* Begin XCSwiftPackageProductDependency section */
		A021D16F27F959FC007262E1 /* Kingfisher */ = {
			isa = XCSwiftPackageProductDependency;
			package = A021D16E27F959FC007262E1 /* XCRemoteSwiftPackageReference "Kingfisher" */;
			productName = Kingfisher;
		};
/* End XCSwiftPackageProductDependency section */
	};
	rootObject = A0B09A0527F16C440033DB31 /* Project object */;
}
